lockfileVersion: '9.0'

settings:
  autoInstallPeers: true
  excludeLinksFromLockfile: false

importers:

  .:
    devDependencies:
      '@ai-hero/sandcastle':
        specifier: ^0.6.6
        version: 0.6.6

packages:

  '@ai-hero/sandcastle@0.6.6':
    resolution: {integrity: sha512-LeyODPZocHZQdIidNXPRIxzs2Hn7tPyl5GfBGakKV1zH2CIpbc7XGApQhSXpOW7r2zO8m3mqiBKdSd7ifaqWcw==}
    hasBin: true
    peerDependencies:
      '@daytona/sdk': ^0.164.0
      '@vercel/sandbox': '>=1.0.0'
    peerDependenciesMeta:
      '@daytona/sdk':
        optional: true
      '@vercel/sandbox':
        optional: true

  '@clack/core@1.3.1':
    resolution: {integrity: sha512-fT1qHVGAag4IEkrupZ6lRRbNCs1vS9P01KB/sG8zKgvUztbYtFBtQpjSITNwooDZ83tpsPzP0mRNs1/KVszCRA==}
    engines: {node: '>= 20.12.0'}

  '@clack/prompts@1.4.0':
    resolution: {integrity: sha512-S0My7XPGIgpRWMDG8uRqalbgT+a6FmCUdOW+HaIOVVpUPHOb7RrpvjTjiODadKp06fsrVDJZlIzc6yCTp4AnxA==}
    engines: {node: '>= 20.12.0'}

  fast-string-truncated-width@3.0.3:
    resolution: {integrity: sha512-0jjjIEL6+0jag3l2XWWizO64/aZVtpiGE3t0Zgqxv0DPuxiMjvB3M24fCyhZUO4KomJQPj3LTSUnDP3GpdwC0g==}

  fast-string-width@3.0.2:
    resolution: {integrity: sha512-gX8LrtNEI5hq8DVUfRQMbr5lpaS4nMIWV+7XEbXk2b8kiQIizgnlr12B4dA3ZEx3308ze0O4Q1R+cHts8kyUJg==}

  fast-wrap-ansi@0.2.2:
    resolution: {integrity: sha512-7F2Fl+TjRSenLqlU3UjSH0iyqopqoZIu7eZVpEirP2g1GtWa2G/ecEmBdgz31+Mxr+ELclgg6sokpSFIQiZ02Q==}

  sisteransi@1.0.5:
    resolution: {integrity: sha512-bLGGlR1QxBcynn2d5YmDX4MGjlZvy2MRBDRNHLJ8VI6l6+9FUiyTFNJ0IveOSP0bcXgVDPRcfGqA0pjaqUpfVg==}

snapshots:

  '@ai-hero/sandcastle@0.6.6':
    dependencies:
      '@clack/prompts': 1.4.0

  '@clack/core@1.3.1':
    dependencies:
      fast-wrap-ansi: 0.2.2
      sisteransi: 1.0.5

  '@clack/prompts@1.4.0':
    dependencies:
      '@clack/core': 1.3.1
      fast-string-width: 3.0.2
      fast-wrap-ansi: 0.2.2
      sisteransi: 1.0.5

  fast-string-truncated-width@3.0.3: {}

  fast-string-width@3.0.2:
    dependencies:
      fast-string-truncated-width: 3.0.3

  fast-wrap-ansi@0.2.2:
    dependencies:
      fast-string-width: 3.0.2

  sisteransi@1.0.5: {}
